
Microsoft Visual Studio Solution File, Format Version 12.00
# Visual Studio Version 16
VisualStudioVersion = 16.0.31410.357
MinimumVisualStudioVersion = 10.0.40219.1
Project("{FAE04EC0-301F-11D3-BF4B-00C04F79EFBC}") = "Пр5", "Пр5\Пр5.csproj", "{1C8BCD1D-80FB-4A7F-98A7-065B707C7ACB}"
EndProject
Global
	GlobalSection(SolutionConfigurationPlatforms) = preSolution
		Debug|Any CPU = Debug|Any CPU
		Release|Any CPU = Release|Any CPU
	EndGlobalSection
	GlobalSection(ProjectConfigurationPlatforms) = postSolution
		{1C8BCD1D-80FB-4A7F-98A7-065B707C7ACB}.Debug|Any CPU.ActiveCfg = Debug|Any CPU
		{1C8BCD1D-80FB-4A7F-98A7-065B707C7ACB}.Debug|Any CPU.Build.0 = Debug|Any CPU
		{1C8BCD1D-80FB-4A7F-98A7-065B707C7ACB}.Release|Any CPU.ActiveCfg = Release|Any CPU
		{1C8BCD1D-80FB-4A7F-98A7-065B707C7ACB}.Release|Any CPU.Build.0 = Release|Any CPU
	EndGlobalSection
	GlobalSection(SolutionProperties) = preSolution
		HideSolutionNode = FALSE
	EndGlobalSection
	GlobalSection(ExtensibilityGlobals) = postSolution
		SolutionGuid = {3620A89F-EBC1-4E32-957A-FEA4904E0921}
	EndGlobalSection
EndGlobal
